
Microsoft Visual Studio Solution File, Format Version 12.00
# Visual Studio Version 17
VisualStudioVersion = 17.9.34616.47
MinimumVisualStudioVersion = 10.0.40219.1
Project("{FAE04EC0-301F-11D3-BF4B-00C04F79EFBC}") = "Animals1", "Animals1.csproj", "{F4BC8421-A4BD-47BB-A522-8B156CC4E7BB}"
EndProject
Global
	GlobalSection(SolutionConfigurationPlatforms) = preSolution
		Debug|Any CPU = Debug|Any CPU
		Release|Any CPU = Release|Any CPU
	EndGlobalSection
	GlobalSection(ProjectConfigurationPlatforms) = postSolution
		{F4BC8421-A4BD-47BB-A522-8B156CC4E7BB}.Debug|Any CPU.ActiveCfg = Debug|Any CPU
		{F4BC8421-A4BD-47BB-A522-8B156CC4E7BB}.Debug|Any CPU.Build.0 = Debug|Any CPU
		{F4BC8421-A4BD-47BB-A522-8B156CC4E7BB}.Release|Any CPU.ActiveCfg = Release|Any CPU
		{F4BC8421-A4BD-47BB-A522-8B156CC4E7BB}.Release|Any CPU.Build.0 = Release|Any CPU
	EndGlobalSection
	GlobalSection(SolutionProperties) = preSolution
		HideSolutionNode = FALSE
	EndGlobalSection
	GlobalSection(ExtensibilityGlobals) = postSolution
		SolutionGuid = {0D321436-3585-4833-A965-8038B21E1503}
	EndGlobalSection
EndGlobal
